
Microsoft Visual Studio Solution File, Format Version 12.00
# Visual Studio Version 17
VisualStudioVersion = 17.4.33205.214
MinimumVisualStudioVersion = 10.0.40219.1
Project("{9A19103F-16F7-4668-BE54-9A1E7A4F7556}") = "Raygui-cs", "Raygui-cs\Raygui-cs.csproj", "{032B35B9-0A3A-4E65-A67B-1FC20D197BE4}"
EndProject
Global
	GlobalSection(SolutionConfigurationPlatforms) = preSolution
		Debug|Any CPU = Debug|Any CPU
		Release|Any CPU = Release|Any CPU
	EndGlobalSection
	GlobalSection(ProjectConfigurationPlatforms) = postSolution
		{032B35B9-0A3A-4E65-A67B-1FC20D197BE4}.Debug|Any CPU.ActiveCfg = Release|Any CPU
		{032B35B9-0A3A-4E65-A67B-1FC20D197BE4}.Debug|Any CPU.Build.0 = Release|Any CPU
		{032B35B9-0A3A-4E65-A67B-1FC20D197BE4}.Release|Any CPU.ActiveCfg = Release|Any CPU
		{032B35B9-0A3A-4E65-A67B-1FC20D197BE4}.Release|Any CPU.Build.0 = Release|Any CPU
	EndGlobalSection
	GlobalSection(SolutionProperties) = preSolution
		HideSolutionNode = FALSE
	EndGlobalSection
	GlobalSection(ExtensibilityGlobals) = postSolution
		SolutionGuid = {39C3BD6B-3750-41C2-B5CC-2292B6B90E34}
	EndGlobalSection
EndGlobal
